{
  "originHash" : "4ec075aa63e4eb8599574c9eebb9c80efa01940f2525dfa9eceb1471b1b23963",
  "pins" : [
    {
      "identity" : "maplibre-gl-native-distribution",
      "kind" : "remoteSourceControl",
      "location" : "https://github.com/maplibre/maplibre-gl-native-distribution",
      "state" : {
        "revision" : "5ee345ca5d65238a6fce29bba87816204be7df20",
        "version" : "6.28.0"
      }
    }
  ],
  "version" : 3
}
